
Microsoft Visual Studio Solution File, Format Version 12.00
# Visual Studio 15
Project("{FAE04EC0-301F-11D3-BF4B-00C04F79EFBC}") = "Unity.GraphToolkit.Samples.VisualNovelDirector", "Unity.GraphToolkit.Samples.VisualNovelDirector.csproj", "{771977D5-1170-AFCF-7AF3-9C53E3AEC581}"
EndProject
Project("{FAE04EC0-301F-11D3-BF4B-00C04F79EFBC}") = "Unity.GraphToolkit.Samples.TextureMaker.Editor", "Unity.GraphToolkit.Samples.TextureMaker.Editor.csproj", "{BCEE5AD2-98E5-2240-A5C9-5217E1E3ADAA}"
EndProject
Project("{FAE04EC0-301F-11D3-BF4B-00C04F79EFBC}") = "Unity.GraphToolkit.Samples.VisualNovelDirector.Editor", "Unity.GraphToolkit.Samples.VisualNovelDirector.Editor.csproj", "{4F161A6D-AB58-B266-21E5-04C88AF3B8F3}"
EndProject
Project("{FAE04EC0-301F-11D3-BF4B-00C04F79EFBC}") = "Assembly-CSharp", "Assembly-CSharp.csproj", "{0800B434-64E9-D9B7-B2FC-C7DA95187492}"
EndProject
Project("{FAE04EC0-301F-11D3-BF4B-00C04F79EFBC}") = "Assembly-CSharp-Editor", "Assembly-CSharp-Editor.csproj", "{28397272-00E8-7D26-8E69-5DDD3617B4BF}"
EndProject
Global
	GlobalSection(SolutionConfigurationPlatforms) = preSolution
		Debug|Any CPU = Debug|Any CPU
		Release|Any CPU = Release|Any CPU
	EndGlobalSection
	GlobalSection(ProjectConfigurationPlatforms) = postSolution
		{771977D5-1170-AFCF-7AF3-9C53E3AEC581}.Debug|Any CPU.ActiveCfg = Debug|Any CPU
		{771977D5-1170-AFCF-7AF3-9C53E3AEC581}.Debug|Any CPU.Build.0 = Debug|Any CPU
		{771977D5-1170-AFCF-7AF3-9C53E3AEC581}.Release|Any CPU.ActiveCfg = Release|Any CPU
		{771977D5-1170-AFCF-7AF3-9C53E3AEC581}.Release|Any CPU.Build.0 = Release|Any CPU
		{BCEE5AD2-98E5-2240-A5C9-5217E1E3ADAA}.Debug|Any CPU.ActiveCfg = Debug|Any CPU
		{BCEE5AD2-98E5-2240-A5C9-5217E1E3ADAA}.Debug|Any CPU.Build.0 = Debug|Any CPU
		{BCEE5AD2-98E5-2240-A5C9-5217E1E3ADAA}.Release|Any CPU.ActiveCfg = Release|Any CPU
		{BCEE5AD2-98E5-2240-A5C9-5217E1E3ADAA}.Release|Any CPU.Build.0 = Release|Any CPU
		{4F161A6D-AB58-B266-21E5-04C88AF3B8F3}.Debug|Any CPU.ActiveCfg = Debug|Any CPU
		{4F161A6D-AB58-B266-21E5-04C88AF3B8F3}.Debug|Any CPU.Build.0 = Debug|Any CPU
		{4F161A6D-AB58-B266-21E5-04C88AF3B8F3}.Release|Any CPU.ActiveCfg = Release|Any CPU
		{4F161A6D-AB58-B266-21E5-04C88AF3B8F3}.Release|Any CPU.Build.0 = Release|Any CPU
		{0800B434-64E9-D9B7-B2FC-C7DA95187492}.Debug|Any CPU.ActiveCfg = Debug|Any CPU
		{0800B434-64E9-D9B7-B2FC-C7DA95187492}.Debug|Any CPU.Build.0 = Debug|Any CPU
		{0800B434-64E9-D9B7-B2FC-C7DA95187492}.Release|Any CPU.ActiveCfg = Release|Any CPU
		{0800B434-64E9-D9B7-B2FC-C7DA95187492}.Release|Any CPU.Build.0 = Release|Any CPU
		{28397272-00E8-7D26-8E69-5DDD3617B4BF}.Debug|Any CPU.ActiveCfg = Debug|Any CPU
		{28397272-00E8-7D26-8E69-5DDD3617B4BF}.Debug|Any CPU.Build.0 = Debug|Any CPU
		{28397272-00E8-7D26-8E69-5DDD3617B4BF}.Release|Any CPU.ActiveCfg = Release|Any CPU
		{28397272-00E8-7D26-8E69-5DDD3617B4BF}.Release|Any CPU.Build.0 = Release|Any CPU
	EndGlobalSection
	GlobalSection(SolutionProperties) = preSolution
		HideSolutionNode = FALSE
	EndGlobalSection
EndGlobal
