<Solution>
  <Project Path="Genesis Noise.csproj" />
  <Project Path="asset-store-tools-editor.csproj" />
  <Project Path="Mathematics.Mathx.csproj" />
  <Project Path="OdinSerializer.csproj" />
  <Project Path="Genesis Noise - Terrain.csproj" />
  <Project Path="GenesisNoise.Tests.csproj" />
  <Project Path="AhahGames Telemetry.csproj" />
</Solution>
